
Microsoft Visual Studio Solution File, Format Version 12.00
# Visual Studio Version 16
VisualStudioVersion = 16.0.31402.337
MinimumVisualStudioVersion = 10.0.40219.1
Project("{9A19103F-16F7-4668-BE54-9A1E7A4F7556}") = "WHAT_DP_205_TAQC", "WHAT_DP_205_TAQC\WHAT_DP_205_TAQC.csproj", "{4C4F358E-1906-46EF-942B-D61E5BF913C4}"
	ProjectSection(ProjectDependencies) = postProject
		{2E052202-9E7B-46C9-BEB5-DBBC3A95674E} = {2E052202-9E7B-46C9-BEB5-DBBC3A95674E}
	EndProjectSection
EndProject
Project("{9A19103F-16F7-4668-BE54-9A1E7A4F7556}") = "WHAT_PageObject", "WHAT_PageObject\WHAT_PageObject.csproj", "{2E052202-9E7B-46C9-BEB5-DBBC3A95674E}"
EndProject
Global
	GlobalSection(SolutionConfigurationPlatforms) = preSolution
		Debug|Any CPU = Debug|Any CPU
		Release|Any CPU = Release|Any CPU
	EndGlobalSection
	GlobalSection(ProjectConfigurationPlatforms) = postSolution
		{4C4F358E-1906-46EF-942B-D61E5BF913C4}.Debug|Any CPU.ActiveCfg = Debug|Any CPU
		{4C4F358E-1906-46EF-942B-D61E5BF913C4}.Debug|Any CPU.Build.0 = Debug|Any CPU
		{4C4F358E-1906-46EF-942B-D61E5BF913C4}.Release|Any CPU.ActiveCfg = Release|Any CPU
		{4C4F358E-1906-46EF-942B-D61E5BF913C4}.Release|Any CPU.Build.0 = Release|Any CPU
		{2E052202-9E7B-46C9-BEB5-DBBC3A95674E}.Debug|Any CPU.ActiveCfg = Debug|Any CPU
		{2E052202-9E7B-46C9-BEB5-DBBC3A95674E}.Debug|Any CPU.Build.0 = Debug|Any CPU
		{2E052202-9E7B-46C9-BEB5-DBBC3A95674E}.Release|Any CPU.ActiveCfg = Release|Any CPU
		{2E052202-9E7B-46C9-BEB5-DBBC3A95674E}.Release|Any CPU.Build.0 = Release|Any CPU
	EndGlobalSection
	GlobalSection(SolutionProperties) = preSolution
		HideSolutionNode = FALSE
	EndGlobalSection
	GlobalSection(ExtensibilityGlobals) = postSolution
		SolutionGuid = {02F5D870-E6A9-49DB-8D98-4BE093008253}
	EndGlobalSection
EndGlobal
